// !$*UTF8*$!
{
	archiveVersion = 1;
	classes = {
	};
	objectVersion = 46;
	objects = {

/* Begin PBXBuildFile section */
		839AA3D054856EB860C449EF /* libPods-Mile Timer.a in Frameworks */ = {isa = PBXBuildFile; fileRef = B6769F0FAB836FA5F5C033DD /* libPods-Mile Timer.a */; };
		9FCFD0771F65A94700D19EED /* Stopwatch.swift in Sources */ = {isa = PBXBuildFile; fileRef = 9FCFD0761F65A94700D19EED /* Stopwatch.swift */; };
		9FCFD0791F65B03F00D19EED /* MileTimeTableView.swift in Sources */ = {isa = PBXBuildFile; fileRef = 9FCFD0781F65B03F00D19EED /* MileTimeTableView.swift */; };
		9FCFD07B1F68826800D19EED /* WeatherNetworking.swift in Sources */ = {isa = PBXBuildFile; fileRef = 9FCFD07A1F68826800D19EED /* WeatherNetworking.swift */; };
		9FFE57841F65A3430099F82F /* AppDelegate.swift in Sources */ = {isa = PBXBuildFile; fileRef = 9FFE57831F65A3430099F82F /* AppDelegate.swift */; };
		9FFE57861F65A3430099F82F /* ViewController.swift in Sources */ = {isa = PBXBuildFile; fileRef = 9FFE57851F65A3430099F82F /* ViewController.swift */; };
		9FFE57891F65A3430099F82F /* Main.storyboard in Resources */ = {isa = PBXBuildFile; fileRef = 9FFE57871F65A3430099F82F /* Main.storyboard */; };
		9FFE578B1F65A3430099F82F /* Assets.xcassets in Resources */ = {isa = PBXBuildFile; fileRef = 9FFE578A1F65A3430099F82F /* Assets.xcassets */; };
		9FFE578E1F65A3430099F82F /* LaunchScreen.storyboard in Resources */ = {isa = PBXBuildFile; fileRef = 9FFE578C1F65A3430099F82F /* LaunchScreen.storyboard */; };
		9FFE57961F65A3870099F82F /* Podfile in Resources */ = {isa = PBXBuildFile; fileRef = 9FFE57951F65A3870099F82F /* Podfile */; };
		9FFE57981F65A4F00099F82F /* Default-568h@2x.png in Resources */ = {isa = PBXBuildFile; fileRef = 9FFE57971F65A4F00099F82F /* Default-568h@2x.png */; };
/* End PBXBuildFile section */

/* Begin PBXFileReference section */
		9FCFD0761F65A94700D19EED /* Stopwatch.swift */ = {isa = PBXFileReference; fileEncoding = 4; lastKnownFileType = sourcecode.swift; path = Stopwatch.swift; sourceTree = "<group>"; };
		9FCFD0781F65B03F00D19EED /* MileTimeTableView.swift */ = {isa = PBXFileReference; fileEncoding = 4; lastKnownFileType = sourcecode.swift; path = MileTimeTableView.swift; sourceTree = "<group>"; };
		9FCFD07A1F68826800D19EED /* WeatherNetworking.swift */ = {isa = PBXFileReference; fileEncoding = 4; lastKnownFileType = sourcecode.swift; path = WeatherNetworking.swift; sourceTree = "<group>"; };
		9FFE57801F65A3430099F82F /* Mile Timer.app */ = {isa = PBXFileReference; explicitFileType = wrapper.application; includeInIndex = 0; path = "Mile Timer.app"; sourceTree = BUILT_PRODUCTS_DIR; };
		9FFE57831F65A3430099F82F /* AppDelegate.swift */ = {isa = PBXFileReference; lastKnownFileType = sourcecode.swift; path = AppDelegate.swift; sourceTree = "<group>"; };
		9FFE57851F65A3430099F82F /* ViewController.swift */ = {isa = PBXFileReference; lastKnownFileType = sourcecode.swift; path = ViewController.swift; sourceTree = "<group>"; };
		9FFE57881F65A3430099F82F /* Base */ = {isa = PBXFileReference; lastKnownFileType = file.storyboard; name = Base; path = Base.lproj/Main.storyboard; sourceTree = "<group>"; };
		9FFE578A1F65A3430099F82F /* Assets.xcassets */ = {isa = PBXFileReference; lastKnownFileType = folder.assetcatalog; path = Assets.xcassets; sourceTree = "<group>"; };
		9FFE578D1F65A3430099F82F /* Base */ = {isa = PBXFileReference; lastKnownFileType = file.storyboard; name = Base; path = Base.lproj/LaunchScreen.storyboard; sourceTree = "<group>"; };
		9FFE578F1F65A3430099F82F /* Info.plist */ = {isa = PBXFileReference; lastKnownFileType = text.plist.xml; path = Info.plist; sourceTree = "<group>"; };
		9FFE57951F65A3870099F82F /* Podfile */ = {isa = PBXFileReference; fileEncoding = 4; lastKnownFileType = text; path = Podfile; sourceTree = "<group>"; };
		9FFE57971F65A4F00099F82F /* Default-568h@2x.png */ = {isa = PBXFileReference; lastKnownFileType = image.png; path = "Default-568h@2x.png"; sourceTree = "<group>"; };
		B6769F0FAB836FA5F5C033DD /* libPods-Mile Timer.a */ = {isa = PBXFileReference; explicitFileType = archive.ar; includeInIndex = 0; path = "libPods-Mile Timer.a"; sourceTree = BUILT_PRODUCTS_DIR; };
		CCC47930E8B52D9CCFBBBCD4 /* Pods-Mile Timer.debug.xcconfig */ = {isa = PBXFileReference; includeInIndex = 1; lastKnownFileType = text.xcconfig; name = "Pods-Mile Timer.debug.xcconfig"; path = "Pods/Target Support Files/Pods-Mile Timer/Pods-Mile Timer.debug.xcconfig"; sourceTree = "<group>"; };
		FAA2FA613A4E69F2BEDE0B29 /* Pods-Mile Timer.release.xcconfig */ = {isa = PBXFileReference; includeInIndex = 1; lastKnownFileType = text.xcconfig; name = "Pods-Mile Timer.release.xcconfig"; path = "Pods/Target Support Files/Pods-Mile Timer/Pods-Mile Timer.release.xcconfig"; sourceTree = "<group>"; };
/* End PBXFileReference section */

/* Begin PBXFrameworksBuildPhase section */
		9FFE577D1F65A3430099F82F /* Frameworks */ = {
			isa = PBXFrameworksBuildPhase;
			buildActionMask = 2147483647;
			files = (
				839AA3D054856EB860C449EF /* libPods-Mile Timer.a in Frameworks */,
			);
			runOnlyForDeploymentPostprocessing = 0;
		};
/* End PBXFrameworksBuildPhase section */

/* Begin PBXGroup section */
		26F8D6E08781D0F23322B1D6 /* Pods */ = {
			isa = PBXGroup;
			children = (
				CCC47930E8B52D9CCFBBBCD4 /* Pods-Mile Timer.debug.xcconfig */,
				FAA2FA613A4E69F2BEDE0B29 /* Pods-Mile Timer.release.xcconfig */,
			);
			name = Pods;
			sourceTree = "<group>";
		};
		77EA752485F51D97EDB155C2 /* Frameworks */ = {
			isa = PBXGroup;
			children = (
				B6769F0FAB836FA5F5C033DD /* libPods-Mile Timer.a */,
			);
			name = Frameworks;
			sourceTree = "<group>";
		};
		9FFE57771F65A3430099F82F = {
			isa = PBXGroup;
			children = (
				9FFE57971F65A4F00099F82F /* Default-568h@2x.png */,
				9FFE57821F65A3430099F82F /* Mile Timer */,
				9FFE57811F65A3430099F82F /* Products */,
				26F8D6E08781D0F23322B1D6 /* Pods */,
				77EA752485F51D97EDB155C2 /* Frameworks */,
			);
			sourceTree = "<group>";
		};
		9FFE57811F65A3430099F82F /* Products */ = {
			isa = PBXGroup;
			children = (
				9FFE57801F65A3430099F82F /* Mile Timer.app */,
			);
			name = Products;
			sourceTree = "<group>";
		};
		9FFE57821F65A3430099F82F /* Mile Timer */ = {
			isa = PBXGroup;
			children = (
				9FFE57831F65A3430099F82F /* AppDelegate.swift */,
				9FFE57851F65A3430099F82F /* ViewController.swift */,
				9FFE57871F65A3430099F82F /* Main.storyboard */,
				9FCFD0781F65B03F00D19EED /* MileTimeTableView.swift */,
				9FFE578A1F65A3430099F82F /* Assets.xcassets */,
				9FFE578C1F65A3430099F82F /* LaunchScreen.storyboard */,
				9FFE578F1F65A3430099F82F /* Info.plist */,
				9FFE57951F65A3870099F82F /* Podfile */,
				9FCFD0761F65A94700D19EED /* Stopwatch.swift */,
				9FCFD07A1F68826800D19EED /* WeatherNetworking.swift */,
			);
			path = "Mile Timer";
			sourceTree = "<group>";
		};
/* End PBXGroup section */

/* Begin PBXNativeTarget section */
		9FFE577F1F65A3430099F82F /* Mile Timer */ = {
			isa = PBXNativeTarget;
			buildConfigurationList = 9FFE57921F65A3430099F82F /* Build configuration list for PBXNativeTarget "Mile Timer" */;
			buildPhases = (
				7DDE1B9798B153F74F9D513B /* [CP] Check Pods Manifest.lock */,
				9FFE577C1F65A3430099F82F /* Sources */,
				9FFE577D1F65A3430099F82F /* Frameworks */,
				9FFE577E1F65A3430099F82F /* Resources */,
				2B3E920D79794E361643F1C9 /* [CP] Embed Pods Frameworks */,
				AF812C68C4154E1887C8EAE3 /* [CP] Copy Pods Resources */,
			);
			buildRules = (
			);
			dependencies = (
			);
			name = "Mile Timer";
			productName = "Mile Timer";
			productReference = 9FFE57801F65A3430099F82F /* Mile Timer.app */;
			productType = "com.apple.product-type.application";
		};
/* End PBXNativeTarget section */

/* Begin PBXProject section */
		9FFE57781F65A3430099F82F /* Project object */ = {
			isa = PBXProject;
			attributes = {
				LastSwiftUpdateCheck = 0830;
				LastUpgradeCheck = 0830;
				ORGANIZATIONNAME = "joel johnson";
				TargetAttributes = {
					9FFE577F1F65A3430099F82F = {
						CreatedOnToolsVersion = 8.3.3;
						ProvisioningStyle = Automatic;
					};
				};
			};
			buildConfigurationList = 9FFE577B1F65A3430099F82F /* Build configuration list for PBXProject "Mile Timer" */;
			compatibilityVersion = "Xcode 3.2";
			developmentRegion = English;
			hasScannedForEncodings = 0;
			knownRegions = (
				en,
				Base,
			);
			mainGroup = 9FFE57771F65A3430099F82F;
			productRefGroup = 9FFE57811F65A3430099F82F /* Products */;
			projectDirPath = "";
			projectRoot = "";
			targets = (
				9FFE577F1F65A3430099F82F /* Mile Timer */,
			);
		};
/* End PBXProject section */

/* Begin PBXResourcesBuildPhase section */
		9FFE577E1F65A3430099F82F /* Resources */ = {
			isa = PBXResourcesBuildPhase;
			buildActionMask = 2147483647;
			files = (
				9FFE578E1F65A3430099F82F /* LaunchScreen.storyboard in Resources */,
				9FFE578B1F65A3430099F82F /* Assets.xcassets in Resources */,
				9FFE57961F65A3870099F82F /* Podfile in Resources */,
				9FFE57981F65A4F00099F82F /* Default-568h@2x.png in Resources */,
				9FFE57891F65A3430099F82F /* Main.storyboard in Resources */,
			);
			runOnlyForDeploymentPostprocessing = 0;
		};
/* End PBXResourcesBuildPhase section */

/* Begin PBXShellScriptBuildPhase section */
		2B3E920D79794E361643F1C9 /* [CP] Embed Pods Frameworks */ = {
			isa = PBXShellScriptBuildPhase;
			buildActionMask = 2147483647;
			files = (
			);
			inputPaths = (
			);
			name = "[CP] Embed Pods Frameworks";
			outputPaths = (
			);
			runOnlyForDeploymentPostprocessing = 0;
			shellPath = /bin/sh;
			shellScript = "\"${SRCROOT}/Pods/Target Support Files/Pods-Mile Timer/Pods-Mile Timer-frameworks.sh\"\n";
			showEnvVarsInLog = 0;
		};
		7DDE1B9798B153F74F9D513B /* [CP] Check Pods Manifest.lock */ = {
			isa = PBXShellScriptBuildPhase;
			buildActionMask = 2147483647;
			files = (
			);
			inputPaths = (
				"${PODS_PODFILE_DIR_PATH}/Podfile.lock",
				"${PODS_ROOT}/Manifest.lock",
			);
			name = "[CP] Check Pods Manifest.lock";
			outputPaths = (
				"$(DERIVED_FILE_DIR)/Pods-Mile Timer-checkManifestLockResult.txt",
			);
			runOnlyForDeploymentPostprocessing = 0;
			shellPath = /bin/sh;
			shellScript = "diff \"${PODS_PODFILE_DIR_PATH}/Podfile.lock\" \"${PODS_ROOT}/Manifest.lock\" > /dev/null\nif [ $? != 0 ] ; then\n    # print error to STDERR\n    echo \"error: The sandbox is not in sync with the Podfile.lock. Run 'pod install' or update your CocoaPods installation.\" >&2\n    exit 1\nfi\n# This output is used by Xcode 'outputs' to avoid re-running this script phase.\necho \"SUCCESS\" > \"${SCRIPT_OUTPUT_FILE_0}\"\n";
			showEnvVarsInLog = 0;
		};
		AF812C68C4154E1887C8EAE3 /* [CP] Copy Pods Resources */ = {
			isa = PBXShellScriptBuildPhase;
			buildActionMask = 2147483647;
			files = (
			);
			inputPaths = (
				"${SRCROOT}/Pods/Target Support Files/Pods-Mile Timer/Pods-Mile Timer-resources.sh",
				"${PODS_ROOT}/GoogleMaps/Maps/Frameworks/GoogleMaps.framework/Resources/GoogleMaps.bundle",
			);
			name = "[CP] Copy Pods Resources";
			outputPaths = (
				"${TARGET_BUILD_DIR}/${UNLOCALIZED_RESOURCES_FOLDER_PATH}",
			);
			runOnlyForDeploymentPostprocessing = 0;
			shellPath = /bin/sh;
			shellScript = "\"${SRCROOT}/Pods/Target Support Files/Pods-Mile Timer/Pods-Mile Timer-resources.sh\"\n";
			showEnvVarsInLog = 0;
		};
/* End PBXShellScriptBuildPhase section */

/* Begin PBXSourcesBuildPhase section */
		9FFE577C1F65A3430099F82F /* Sources */ = {
			isa = PBXSourcesBuildPhase;
			buildActionMask = 2147483647;
			files = (
				9FFE57861F65A3430099F82F /* ViewController.swift in Sources */,
				9FCFD0771F65A94700D19EED /* Stopwatch.swift in Sources */,
				9FFE57841F65A3430099F82F /* AppDelegate.swift in Sources */,
				9FCFD07B1F68826800D19EED /* WeatherNetworking.swift in Sources */,
				9FCFD0791F65B03F00D19EED /* MileTimeTableView.swift in Sources */,
			);
			runOnlyForDeploymentPostprocessing = 0;
		};
/* End PBXSourcesBuildPhase section */

/* Begin PBXVariantGroup section */
		9FFE57871F65A3430099F82F /* Main.storyboard */ = {
			isa = PBXVariantGroup;
			children = (
				9FFE57881F65A3430099F82F /* Base */,
			);
			name = Main.storyboard;
			sourceTree = "<group>";
		};
		9FFE578C1F65A3430099F82F /* LaunchScreen.storyboard */ = {
			isa = PBXVariantGroup;
			children = (
				9FFE578D1F65A3430099F82F /* Base */,
			);
			name = LaunchScreen.storyboard;
			sourceTree = "<group>";
		};
/* End PBXVariantGroup section */

/* Begin XCBuildConfiguration section */
		9FFE57901F65A3430099F82F /* Debug */ = {
			isa = XCBuildConfiguration;
			buildSettings = {
				ALWAYS_SEARCH_USER_PATHS = NO;
				CLANG_ANALYZER_NONNULL = YES;
				CLANG_ANALYZER_NUMBER_OBJECT_CONVERSION = YES_AGGRESSIVE;
				CLANG_CXX_LANGUAGE_STANDARD = "gnu++0x";
				CLANG_CXX_LIBRARY = "libc++";
				CLANG_ENABLE_MODULES = YES;
				CLANG_ENABLE_OBJC_ARC = YES;
				CLANG_WARN_BOOL_CONVERSION = YES;
				CLANG_WARN_CONSTANT_CONVERSION = YES;
				CLANG_WARN_DIRECT_OBJC_ISA_USAGE = YES_ERROR;
				CLANG_WARN_DOCUMENTATION_COMMENTS = YES;
				CLANG_WARN_EMPTY_BODY = YES;
				CLANG_WARN_ENUM_CONVERSION = YES;
				CLANG_WARN_INFINITE_RECURSION = YES;
				CLANG_WARN_INT_CONVERSION = YES;
				CLANG_WARN_OBJC_ROOT_CLASS = YES_ERROR;
				CLANG_WARN_SUSPICIOUS_MOVE = YES;
				CLANG_WARN_UNREACHABLE_CODE = YES;
				CLANG_WARN__DUPLICATE_METHOD_MATCH = YES;
				"CODE_SIGN_IDENTITY[sdk=iphoneos*]" = "iPhone Developer";
				COPY_PHASE_STRIP = NO;
				DEBUG_INFORMATION_FORMAT = dwarf;
				ENABLE_STRICT_OBJC_MSGSEND = YES;
				ENABLE_TESTABILITY = YES;
				GCC_C_LANGUAGE_STANDARD = gnu99;
				GCC_DYNAMIC_NO_PIC = NO;
				GCC_NO_COMMON_BLOCKS = YES;
				GCC_OPTIMIZATION_LEVEL = 0;
				GCC_PREPROCESSOR_DEFINITIONS = (
					"DEBUG=1",
					"$(inherited)",
				);
				GCC_WARN_64_TO_32_BIT_CONVERSION = YES;
				GCC_WARN_ABOUT_RETURN_TYPE = YES_ERROR;
				GCC_WARN_UNDECLARED_SELECTOR = YES;
				GCC_WARN_UNINITIALIZED_AUTOS = YES_AGGRESSIVE;
				GCC_WARN_UNUSED_FUNCTION = YES;
				GCC_WARN_UNUSED_VARIABLE = YES;
				IPHONEOS_DEPLOYMENT_TARGET = 10.3;
				MTL_ENABLE_DEBUG_INFO = YES;
				ONLY_ACTIVE_ARCH = YES;
				SDKROOT = iphoneos;
				SWIFT_ACTIVE_COMPILATION_CONDITIONS = DEBUG;
				SWIFT_OPTIMIZATION_LEVEL = "-Onone";
				TARGETED_DEVICE_FAMILY = "1,2";
			};
			name = Debug;
		};
		9FFE57911F65A3430099F82F /* Release */ = {
			isa = XCBuildConfiguration;
			buildSettings = {
				ALWAYS_SEARCH_USER_PATHS = NO;
				CLANG_ANALYZER_NONNULL = YES;
				CLANG_ANALYZER_NUMBER_OBJECT_CONVERSION = YES_AGGRESSIVE;
				CLANG_CXX_LANGUAGE_STANDARD = "gnu++0x";
				CLANG_CXX_LIBRARY = "libc++";
				CLANG_ENABLE_MODULES = YES;
				CLANG_ENABLE_OBJC_ARC = YES;
				CLANG_WARN_BOOL_CONVERSION = YES;
				CLANG_WARN_CONSTANT_CONVERSION = YES;
				CLANG_WARN_DIRECT_OBJC_ISA_USAGE = YES_ERROR;
				CLANG_WARN_DOCUMENTATION_COMMENTS = YES;
				CLANG_WARN_EMPTY_BODY = YES;
				CLANG_WARN_ENUM_CONVERSION = YES;
				CLANG_WARN_INFINITE_RECURSION = YES;
				CLANG_WARN_INT_CONVERSION = YES;
				CLANG_WARN_OBJC_ROOT_CLASS = YES_ERROR;
				CLANG_WARN_SUSPICIOUS_MOVE = YES;
				CLANG_WARN_UNREACHABLE_CODE = YES;
				CLANG_WARN__DUPLICATE_METHOD_MATCH = YES;
				"CODE_SIGN_IDENTITY[sdk=iphoneos*]" = "iPhone Developer";
				COPY_PHASE_STRIP = NO;
				DEBUG_INFORMATION_FORMAT = "dwarf-with-dsym";
				ENABLE_NS_ASSERTIONS = NO;
				ENABLE_STRICT_OBJC_MSGSEND = YES;
				GCC_C_LANGUAGE_STANDARD = gnu99;
				GCC_NO_COMMON_BLOCKS = YES;
				GCC_WARN_64_TO_32_BIT_CONVERSION = YES;
				GCC_WARN_ABOUT_RETURN_TYPE = YES_ERROR;
				GCC_WARN_UNDECLARED_SELECTOR = YES;
				GCC_WARN_UNINITIALIZED_AUTOS = YES_AGGRESSIVE;
				GCC_WARN_UNUSED_FUNCTION = YES;
				GCC_WARN_UNUSED_VARIABLE = YES;
				IPHONEOS_DEPLOYMENT_TARGET = 10.3;
				MTL_ENABLE_DEBUG_INFO = NO;
				SDKROOT = iphoneos;
				SWIFT_OPTIMIZATION_LEVEL = "-Owholemodule";
				TARGETED_DEVICE_FAMILY = "1,2";
				VALIDATE_PRODUCT = YES;
			};
			name = Release;
		};
		9FFE57931F65A3430099F82F /* Debug */ = {
			isa = XCBuildConfiguration;
			baseConfigurationReference = CCC47930E8B52D9CCFBBBCD4 /* Pods-Mile Timer.debug.xcconfig */;
			buildSettings = {
				ASSETCATALOG_COMPILER_APPICON_NAME = AppIcon;
				INFOPLIST_FILE = "Mile Timer/Info.plist";
				LD_RUNPATH_SEARCH_PATHS = "$(inherited) @executable_path/Frameworks";
				PRODUCT_BUNDLE_IDENTIFIER = "com.gjd.Mile-Timer";
				PRODUCT_NAME = "$(TARGET_NAME)";
				SWIFT_VERSION = 3.0;
			};
			name = Debug;
		};
		9FFE57941F65A3430099F82F /* Release */ = {
			isa = XCBuildConfiguration;
			baseConfigurationReference = FAA2FA613A4E69F2BEDE0B29 /* Pods-Mile Timer.release.xcconfig */;
			buildSettings = {
				ASSETCATALOG_COMPILER_APPICON_NAME = AppIcon;
				INFOPLIST_FILE = "Mile Timer/Info.plist";
				LD_RUNPATH_SEARCH_PATHS = "$(inherited) @executable_path/Frameworks";
				PRODUCT_BUNDLE_IDENTIFIER = "com.gjd.Mile-Timer";
				PRODUCT_NAME = "$(TARGET_NAME)";
				SWIFT_VERSION = 3.0;
			};
			name = Release;
		};
/* End XCBuildConfiguration section */

/* Begin XCConfigurationList section */
		9FFE577B1F65A3430099F82F /* Build configuration list for PBXProject "Mile Timer" */ = {
			isa = XCConfigurationList;
			buildConfigurations = (
				9FFE57901F65A3430099F82F /* Debug */,
				9FFE57911F65A3430099F82F /* Release */,
			);
			defaultConfigurationIsVisible = 0;
			defaultConfigurationName = Release;
		};
		9FFE57921F65A3430099F82F /* Build configuration list for PBXNativeTarget "Mile Timer" */ = {
			isa = XCConfigurationList;
			buildConfigurations = (
				9FFE57931F65A3430099F82F /* Debug */,
				9FFE57941F65A3430099F82F /* Release */,
			);
			defaultConfigurationIsVisible = 0;
			defaultConfigurationName = Release;
		};
/* End XCConfigurationList section */
	};
	rootObject = 9FFE57781F65A3430099F82F /* Project object */;
}
